# This file is automatically @generated by Poetry 1.8.4 and should not be changed by hand.

[[package]]
name = "colorama"
version = "0.4.6"
description = "Cross-platform colored terminal text."
optional = false
python-versions = "!=3.0.*,!=3.1.*,!=3.2.*,!=3.3.*,!=3.4.*,!=3.5.*,!=3.6.*,>=2.7"
files = [
    {file = "colorama-0.4.6-py2.py3-none-any.whl", hash = "sha256:4f1d9991f5acc0ca119f9d443620b77f9d6b33703e51011c16baf57afb285fc6"},
    {file = "colorama-0.4.6.tar.gz", hash = "sha256:08695f5cb7ed6e0531a20572697297273c47b8cae5a63ffc6d6ed5c201be6e44"},
]

[[package]]
name = "filelock"
version = "3.16.1"
description = "A platform independent file lock."
optional = false
python-versions = ">=3.8"
files = [
    {file = "filelock-3.16.1-py3-none-any.whl", hash = "sha256:2082e5703d51fbf98ea75855d9d5527e33d8ff23099bec374a134febee6946b0"},
    {file = "filelock-3.16.1.tar.gz", hash = "sha256:c249fbfcd5db47e5e2d6d62198e565475ee65e4831e2561c8e313fa7eb961435"},
]

[package.extras]
docs = ["furo (>=2024.8.6)", "sphinx (>=8.0.2)", "sphinx-autodoc-typehints (>=2.4.1)"]
testing = ["covdefaults (>=2.3)", "coverage (>=7.6.1)", "diff-cover (>=9.2)", "pytest (>=8.3.3)", "pytest-asyncio (>=0.24)", "pytest-cov (>=5)", "pytest-mock (>=3.14)", "pytest-timeout (>=2.3.1)", "virtualenv (>=20.26.4)"]
typing = ["typing-extensions (>=4.12.2)"]

[[package]]
name = "pyotp"
version = "2.9.0"
description = "Python One Time Password Library"
optional = false
python-versions = ">=3.7"
files = [
    {file = "pyotp-2.9.0-py3-none-any.whl", hash = "sha256:81c2e5865b8ac55e825b0358e496e1d9387c811e85bb40e71a3b29b288963612"},
    {file = "pyotp-2.9.0.tar.gz", hash = "sha256:346b6642e0dbdde3b4ff5a930b664ca82abfa116356ed48cc42c7d6590d36f63"},
]

[package.extras]
test = ["coverage", "mypy", "ruff", "wheel"]

[[package]]
name = "pyqt5"
version = "5.15.2"
description = "Python bindings for the Qt cross platform application toolkit"
optional = false
python-versions = ">=3.5"
files = [
    {file = "PyQt5-5.15.2-5.15.2-cp35.cp36.cp37.cp38.cp39-abi3-macosx_10_13_intel.whl", hash = "sha256:894ca4ae767a8d6cf5903784b71f755073c78cb8c167eecf6e4ed6b3b055ac6a"},
    {file = "PyQt5-5.15.2-5.15.2-cp35.cp36.cp37.cp38.cp39-abi3-manylinux2014_x86_64.whl", hash = "sha256:29889845688a54d62820585ad5b2e0200a36b304ff3d7a555e95599f110ba4ce"},
    {file = "PyQt5-5.15.2-5.15.2-cp35.cp36.cp37.cp38.cp39-none-win32.whl", hash = "sha256:ea24f24b7679bf393dd2e4f53fe0ce65021be18304c1ff7a226c2fc5c356d0da"},
    {file = "PyQt5-5.15.2-5.15.2-cp35.cp36.cp37.cp38.cp39-none-win_amd64.whl", hash = "sha256:faaecb76ec65e12673a968e7f5bc02495957e6996f0a3fa0d98895f9e4113746"},
    {file = "PyQt5-5.15.2.tar.gz", hash = "sha256:372b08dc9321d1201e4690182697c5e7ffb2e0770e6b4a45519025134b12e4fc"},
]

[package.dependencies]
PyQt5-sip = ">=12.8,<13"

[[package]]
name = "pyqt5-sip"
version = "12.16.1"
description = "The sip module support for PyQt5"
optional = false
python-versions = ">=3.9"
files = [
    {file = "PyQt5_sip-12.16.1-cp310-cp310-macosx_10_9_universal2.whl", hash = "sha256:72e8be41f053cd2338d373b70cfa8f725f05c7551e014161ae0484c7ffdb5b3d"},
    {file = "PyQt5_sip-12.16.1-cp310-cp310-manylinux_2_5_x86_64.manylinux1_x86_64.whl", hash = "sha256:389ea632df16794325652fe1a84d4ea77c7ed0240040979dada725473ad1d875"},
    {file = "PyQt5_sip-12.16.1-cp310-cp310-win32.whl", hash = "sha256:b3bfe33e849818a32164fc19346fc889a47ba8b23f803508eac9a5d9d06f59d9"},
    {file = "PyQt5_sip-12.16.1-cp310-cp310-win_amd64.whl", hash = "sha256:7fd6fbff57ba2cda32f1d5ea49500cff6f29e1cafdf41f40b99ed744bdac14a0"},
    {file = "PyQt5_sip-12.16.1-cp311-cp311-macosx_10_9_universal2.whl", hash = "sha256:09bfdb5f9adea15a542cbe4b89873a6b290c4f1669f66bb5f1a24993ce8bbdd0"},
    {file = "PyQt5_sip-12.16.1-cp311-cp311-manylinux_2_5_x86_64.manylinux1_x86_64.whl", hash = "sha256:98b99fcdebbbfc999f4ab10829749151eb371b79201ecd98f20e934c16d0193e"},
    {file = "PyQt5_sip-12.16.1-cp311-cp311-win32.whl", hash = "sha256:67dbdc1b3be045caebfc75ee87966e23c6bee61d94cb634ddd71b634c9089890"},
    {file = "PyQt5_sip-12.16.1-cp311-cp311-win_amd64.whl", hash = "sha256:8afd633d5f35e4e5205680d310800d10d30fcbfb6bb7b852bfaa31097c1be449"},
    {file = "PyQt5_sip-12.16.1-cp312-cp312-macosx_10_9_universal2.whl", hash = "sha256:f6724c590de3d556c730ebda8b8f906b38373934472209e94d99357b52b56f5f"},
    {file = "PyQt5_sip-12.16.1-cp312-cp312-manylinux_2_5_x86_64.manylinux1_x86_64.whl", hash = "sha256:633cba509a98bd626def951bb948d4e736635acbd0b7fabd7be55a3a096a8a0b"},
    {file = "PyQt5_sip-12.16.1-cp312-cp312-win32.whl", hash = "sha256:2b35ff92caa569e540675ffcd79ffbf3e7092cccf7166f89e2a8b388db80aa1c"},
    {file = "PyQt5_sip-12.16.1-cp312-cp312-win_amd64.whl", hash = "sha256:a0f83f554727f43dfe92afbf3a8c51e83bb8b78c5f160b635d4359fad681cebe"},
    {file = "PyQt5_sip-12.16.1-cp313-cp313-macosx_10_13_universal2.whl", hash = "sha256:2349f118dc6f01ee71fe57d8bab9e606ecf241468989abb23b5691d5538d7a69"},
    {file = "PyQt5_sip-12.16.1-cp313-cp313-manylinux_2_5_x86_64.manylinux1_x86_64.whl", hash = "sha256:bbabdcc031e40417333bdd9e59d8add815c8f0663ebfcbcd3024bdeb55f35e9c"},
    {file = "PyQt5_sip-12.16.1-cp313-cp313-win32.whl", hash = "sha256:b6d06f6b49c7cd70db44277e21134390dcabb709da434d63754c9968ff6d98e2"},
    {file = "PyQt5_sip-12.16.1-cp313-cp313-win_amd64.whl", hash = "sha256:e2bd572cfb969089c2813c85d6e1393ec1a0aeecebc53934ba9f062acf440b50"},
    {file = "PyQt5_sip-12.16.1-cp39-cp39-macosx_10_9_universal2.whl", hash = "sha256:639d0f3767f17c9b7e2c1161a563f1a8da8dc16a348f9fc24314882c0ba57c5e"},
    {file = "PyQt5_sip-12.16.1-cp39-cp39-manylinux_2_5_x86_64.manylinux1_x86_64.whl", hash = "sha256:c2b99bbd915f7649536b46be6f4740122c0ff1a76dc3dcb0c856c7cc770b3545"},
    {file = "PyQt5_sip-12.16.1-cp39-cp39-win32.whl", hash = "sha256:9f6878df5cca870cd48b406c48136842c02f7b0e2a3b7c47cb84dcddcebc5758"},
    {file = "PyQt5_sip-12.16.1-cp39-cp39-win_amd64.whl", hash = "sha256:ffd748efbc9396a7a72de0d617acfd248c04e02dd28cd80e6bc3bf26214786e7"},
    {file = "pyqt5_sip-12.16.1.tar.gz", hash = "sha256:8c831f8b619811a32369d72339faa50ae53a963f5fdfa4d71f845c63e9673125"},
]

[[package]]
name = "pyscard"
version = "2.0.0"
description = "Smartcard module for Python."
optional = false
python-versions = "*"
files = [
    {file = "pyscard-2.0.0-cp27-cp27m-macosx_10_14_x86_64.whl", hash = "sha256:60dbc52f00da90e3428e987679723588598579a7c3c757e9937cecd6e381ddd2"},
    {file = "pyscard-2.0.0-cp27-cp27m-win_amd64.whl", hash = "sha256:59cb506e8e793c397f3014f0933752df8d00c97c9f3a3385698e77213423962f"},
    {file = "pyscard-2.0.0-cp37-cp37m-win_amd64.whl", hash = "sha256:6d6ddcf57f97b0899b952c1c0746177c4b4b52af2ca47eb4d6bd0b9096530181"},
    {file = "pyscard-2.0.0-cp38-cp38-macosx_10_14_x86_64.whl", hash = "sha256:2abc34387ce5d1567a1052edc47797c1288739b51b664468d34ca77c9a3b05c2"},
    {file = "pyscard-2.0.0-cp38-cp38-win32.whl", hash = "sha256:73945cd5a8c6e2e4982ba24d70fdba9e1b4ca68b82169337f4733823f7b49fb6"},
    {file = "pyscard-2.0.0-cp38-cp38-win_amd64.whl", hash = "sha256:852a4e354bb82cc1f68afb204349ca68ea6c5332242644a80651a5c62bb1ab5f"},
    {file = "pyscard-2.0.0-cp39-cp39-win32.whl", hash = "sha256:e162f9af64b49beb435e6543819f604e45534c822eb77fd100773f359fbcb6d8"},
    {file = "pyscard-2.0.0-cp39-cp39-win_amd64.whl", hash = "sha256:502aeea9d925032cc5241d29543ae74060e064763435dfa202ba722fd20a20ae"},
    {file = "pyscard-2.0.0.tar.gz", hash = "sha256:b364d9d9186e793c1c4709eb72a4d29e09067d36ca463b2c2abd995bd1055779"},
]

[package.extras]
gui = ["wxPython"]
pyro = ["Pyro"]

[[package]]
name = "qrcode"
version = "8.0"
description = "QR Code image generator"
optional = false
python-versions = "<4.0,>=3.9"
files = [
    {file = "qrcode-8.0-py3-none-any.whl", hash = "sha256:9fc05f03305ad27a709eb742cf3097fa19e6f6f93bb9e2f039c0979190f6f1b1"},
    {file = "qrcode-8.0.tar.gz", hash = "sha256:025ce2b150f7fe4296d116ee9bad455a6643ab4f6e7dce541613a4758cbce347"},
]

[package.dependencies]
colorama = {version = "*", markers = "sys_platform == \"win32\""}

[package.extras]
all = ["pillow (>=9.1.0)", "pypng"]
pil = ["pillow (>=9.1.0)"]
png = ["pypng"]

[[package]]
name = "rpi-gpio"
version = "0.7.1"
description = "A module to control Raspberry Pi GPIO channels"
optional = false
python-versions = "*"
files = [
    {file = "RPi.GPIO-0.7.1-cp27-cp27mu-linux_armv6l.whl", hash = "sha256:b86b66dc02faa5461b443a1e1f0c1d209d64ab5229696f32fb3b0215e0600c8c"},
    {file = "RPi.GPIO-0.7.1-cp310-cp310-linux_armv6l.whl", hash = "sha256:57b6c044ef5375a78c8dda27cdfadf329e76aa6943cd6cffbbbd345a9adf9ca5"},
    {file = "RPi.GPIO-0.7.1-cp37-cp37m-linux_armv6l.whl", hash = "sha256:77afb817b81331ce3049a4b8f94a85e41b7c404d8e56b61ac0f1eb75c3120868"},
    {file = "RPi.GPIO-0.7.1-cp38-cp38-linux_armv6l.whl", hash = "sha256:29226823da8b5ccb9001d795a944f2e00924eeae583490f0bc7317581172c624"},
    {file = "RPi.GPIO-0.7.1-cp39-cp39-linux_armv6l.whl", hash = "sha256:15311d3b063b71dee738cd26570effc9985a952454d162937c34e08c0fc99902"},
    {file = "RPi.GPIO-0.7.1.tar.gz", hash = "sha256:cd61c4b03c37b62bba4a5acfea9862749c33c618e0295e7e90aa4713fb373b70"},
]

[[package]]
name = "smbus"
version = "1.1.post2"
description = "Python bindings for Linux SMBus access through i2c-dev"
optional = false
python-versions = "*"
files = [
    {file = "smbus-1.1.post2-cp27-cp27mu-linux_armv7l.whl", hash = "sha256:529f9effc383b6381534d1d845eaf1078bdd2d4e625c945b23cf274d5cf1c306"},
    {file = "smbus-1.1.post2-cp34-cp34m-linux_armv7l.whl", hash = "sha256:39923448455a41c6bbe823de62b191103dd711917056362d9e4b1d2c6ec0f06d"},
    {file = "smbus-1.1.post2-cp35-cp35m-linux_armv7l.whl", hash = "sha256:b467235734ae5c147c4ec0eff1afb9dba189d9d3cc086ed7e0d3dbf0ae485230"},
    {file = "smbus-1.1.post2.tar.gz", hash = "sha256:f96d345e0aa10053a8a4917634f1dc37ba1f656fa5cace7629b71777e90855c6"},
]

[metadata]
lock-version = "2.0"
python-versions = "^3.9"
content-hash = "a1c422e84052834c47df1e0417dd3522978a5130129047503531af0473ae0bce"
