# This file is automatically @generated by Poetry 1.8.4 and should not be changed by hand.

[[package]]
name = "colorama"
version = "0.4.6"
description = "Cross-platform colored terminal text."
optional = false
python-versions = "!=3.0.*,!=3.1.*,!=3.2.*,!=3.3.*,!=3.4.*,!=3.5.*,!=3.6.*,>=2.7"
files = [
    {file = "colorama-0.4.6-py2.py3-none-any.whl", hash = "sha256:4f1d9991f5acc0ca119f9d443620b77f9d6b33703e51011c16baf57afb285fc6"},
    {file = "colorama-0.4.6.tar.gz", hash = "sha256:08695f5cb7ed6e0531a20572697297273c47b8cae5a63ffc6d6ed5c201be6e44"},
]

[[package]]
name = "filelock"
version = "3.16.1"
description = "A platform independent file lock."
optional = false
python-versions = ">=3.8"
files = [
    {file = "filelock-3.16.1-py3-none-any.whl", hash = "sha256:2082e5703d51fbf98ea75855d9d5527e33d8ff23099bec374a134febee6946b0"},
    {file = "filelock-3.16.1.tar.gz", hash = "sha256:c249fbfcd5db47e5e2d6d62198e565475ee65e4831e2561c8e313fa7eb961435"},
]

[package.extras]
docs = ["furo (>=2024.8.6)", "sphinx (>=8.0.2)", "sphinx-autodoc-typehints (>=2.4.1)"]
testing = ["covdefaults (>=2.3)", "coverage (>=7.6.1)", "diff-cover (>=9.2)", "pytest (>=8.3.3)", "pytest-asyncio (>=0.24)", "pytest-cov (>=5)", "pytest-mock (>=3.14)", "pytest-timeout (>=2.3.1)", "virtualenv (>=20.26.4)"]
typing = ["typing-extensions (>=4.12.2)"]

[[package]]
name = "pyotp"
version = "2.9.0"
description = "Python One Time Password Library"
optional = false
python-versions = ">=3.7"
files = [
    {file = "pyotp-2.9.0-py3-none-any.whl", hash = "sha256:81c2e5865b8ac55e825b0358e496e1d9387c811e85bb40e71a3b29b288963612"},
    {file = "pyotp-2.9.0.tar.gz", hash = "sha256:346b6642e0dbdde3b4ff5a930b664ca82abfa116356ed48cc42c7d6590d36f63"},
]

[package.extras]
test = ["coverage", "mypy", "ruff", "wheel"]

[[package]]
name = "pyqt5"
version = "5.15.11"
description = "Python bindings for the Qt cross platform application toolkit"
optional = false
python-versions = ">=3.8"
files = [
    {file = "PyQt5-5.15.11-cp38-abi3-macosx_11_0_arm64.whl", hash = "sha256:c8b03dd9380bb13c804f0bdb0f4956067f281785b5e12303d529f0462f9afdc2"},
    {file = "PyQt5-5.15.11-cp38-abi3-macosx_11_0_x86_64.whl", hash = "sha256:6cd75628f6e732b1ffcfe709ab833a0716c0445d7aec8046a48d5843352becb6"},
    {file = "PyQt5-5.15.11-cp38-abi3-manylinux_2_17_x86_64.whl", hash = "sha256:cd672a6738d1ae33ef7d9efa8e6cb0a1525ecf53ec86da80a9e1b6ec38c8d0f1"},
    {file = "PyQt5-5.15.11-cp38-abi3-win32.whl", hash = "sha256:76be0322ceda5deecd1708a8d628e698089a1cea80d1a49d242a6d579a40babd"},
    {file = "PyQt5-5.15.11-cp38-abi3-win_amd64.whl", hash = "sha256:bdde598a3bb95022131a5c9ea62e0a96bd6fb28932cc1619fd7ba211531b7517"},
    {file = "PyQt5-5.15.11.tar.gz", hash = "sha256:fda45743ebb4a27b4b1a51c6d8ef455c4c1b5d610c90d2934c7802b5c1557c52"},
]

[package.dependencies]
PyQt5-Qt5 = ">=5.15.2,<5.16.0"
PyQt5-sip = ">=12.15,<13"

[[package]]
name = "pyqt5-qt5"
version = "5.15.15"
description = "The subset of a Qt installation needed by PyQt5."
optional = false
python-versions = "*"
files = [
    {file = "PyQt5_Qt5-5.15.15-py3-none-macosx_10_13_x86_64.whl", hash = "sha256:eb74072935958a830887115b1de1ff26341fc2d5881b28129de39612b10a260e"},
    {file = "PyQt5_Qt5-5.15.15-py3-none-macosx_11_0_arm64.whl", hash = "sha256:f8b174725fbe29c1a22f8acce5798933a65c8a083f1d9833ff212479ec2b3c14"},
    {file = "PyQt5_Qt5-5.15.15-py3-none-manylinux2014_x86_64.whl", hash = "sha256:611505d04ffb06a5e5bcf98f5ff0e4e15ba7785565ccbe7bd3b2e40642ea3bdd"},
]

[[package]]
name = "pyqt5-sip"
version = "12.16.0"
description = "The sip module support for PyQt5"
optional = false
python-versions = ">=3.8"
files = [
    {file = "PyQt5_sip-12.16.0-cp310-cp310-macosx_10_9_universal2.whl", hash = "sha256:4414629c2bc3577461cde13a34f29c207942f9b44a859b0a35fe94c00787a7d6"},
    {file = "PyQt5_sip-12.16.0-cp310-cp310-manylinux_2_5_x86_64.manylinux1_x86_64.whl", hash = "sha256:b947c8a2549c6a7ebbc72cfa38fe1d2bd6ae3b7e60bed14e4e5e59527008028d"},
    {file = "PyQt5_sip-12.16.0-cp310-cp310-win32.whl", hash = "sha256:d6454ee85148088283955cc7956717dc0f664a4d5eaf10cfd6b9993130beef8b"},
    {file = "PyQt5_sip-12.16.0-cp310-cp310-win_amd64.whl", hash = "sha256:af3e5c6d64b30038fe79f57198dd94d147e16fee959f236c4bce15f3915d50df"},
    {file = "PyQt5_sip-12.16.0-cp311-cp311-macosx_10_9_universal2.whl", hash = "sha256:bf825f17a299f8230c7986f2823bea7d3468b0cf1ebde0e6f5ce52270f08635a"},
    {file = "PyQt5_sip-12.16.0-cp311-cp311-manylinux_2_5_x86_64.manylinux1_x86_64.whl", hash = "sha256:3de8327ca93c1b8df2d3b958b654f2e05aba3e91c1a31a78a9d581e9fe4089c4"},
    {file = "PyQt5_sip-12.16.0-cp311-cp311-win32.whl", hash = "sha256:3f4cc0c84cad4ad5da7bec1edc3278a798114819c973da5fb80876f63254637b"},
    {file = "PyQt5_sip-12.16.0-cp311-cp311-win_amd64.whl", hash = "sha256:0a20656422e45d41b5eb5a427d56edc9a3a93bd51143bcbefbba1e1b3e839aab"},
    {file = "PyQt5_sip-12.16.0-cp312-cp312-macosx_10_9_universal2.whl", hash = "sha256:70ebd353ca0da7d7140fcab6718ee802157aa7794171fc80887b9251ebf44e6b"},
    {file = "PyQt5_sip-12.16.0-cp312-cp312-manylinux_2_5_x86_64.manylinux1_x86_64.whl", hash = "sha256:9ec67e5f55df791c9139dc9c890530f243aac304d60e731846bd9302064dc727"},
    {file = "PyQt5_sip-12.16.0-cp312-cp312-win32.whl", hash = "sha256:7a9260174aa875e24603cb0840fc76ced2f35d90af057ce2f6d79d282cf1bbdc"},
    {file = "PyQt5_sip-12.16.0-cp312-cp312-win_amd64.whl", hash = "sha256:57135e6b1f309b20163aaf15515967bec01ee145c538f87f9f89d8afc8c570f1"},
    {file = "PyQt5_sip-12.16.0-cp313-cp313-macosx_10_13_universal2.whl", hash = "sha256:5264e63dbecc6097092c6922e73f613cee8530f308b2c6fae2be08db624d69ab"},
    {file = "PyQt5_sip-12.16.0-cp313-cp313-manylinux_2_5_x86_64.manylinux1_x86_64.whl", hash = "sha256:efdab3e12e79f4584cbe4853d65cce3bc407f03baddfa9117515d2b018f19bb5"},
    {file = "PyQt5_sip-12.16.0-cp313-cp313-win32.whl", hash = "sha256:e6ce1d9512e924ff7e929d3cc08fc50ba5f3ac7691175897b5b8a6eb26cf149d"},
    {file = "PyQt5_sip-12.16.0-cp313-cp313-win_amd64.whl", hash = "sha256:9751a193bdc47f2dcb4c3d3c86cb9c0f1d1876ed407adcc559257a2633ac6129"},
    {file = "PyQt5_sip-12.16.0-cp39-cp39-macosx_10_9_universal2.whl", hash = "sha256:cae1a1af5a9b26c6080b294ca57455508b46a74176d28fadd7647d99dea7cd91"},
    {file = "PyQt5_sip-12.16.0-cp39-cp39-manylinux_2_5_x86_64.manylinux1_x86_64.whl", hash = "sha256:b22b51b6e910ffbcef2bfdad4980bd4bb4d31cdb27c534c6488cc1dc31fb3fc6"},
    {file = "PyQt5_sip-12.16.0-cp39-cp39-win32.whl", hash = "sha256:8d02ebbd7f80c7bdb729917d14c7cfdee28f30a4a1cfb3758b7aa11c87e98986"},
    {file = "PyQt5_sip-12.16.0-cp39-cp39-win_amd64.whl", hash = "sha256:1f209197b828cdd33277b50de088740dd82e948438b96f25ad1381b50abd05d7"},
    {file = "PyQt5_sip-12.16.0.tar.gz", hash = "sha256:8cfb0345b9438a18ec1dd3952054c2ac1508bd9e306092a96df99329382e3e25"},
]

[[package]]
name = "pyscard"
version = "2.2.0"
description = "Smartcard module for Python."
optional = false
python-versions = ">=3.9"
files = [
    {file = "pyscard-2.2.0-cp310-cp310-macosx_10_9_universal2.whl", hash = "sha256:05cfa9840b3f4b08769487e4d84b1432d9d913035a3726856329c2648444a6ba"},
    {file = "pyscard-2.2.0-cp310-cp310-win32.whl", hash = "sha256:c363a36a803cd3e6334546d661c0b1375c16ab42600bc4be18ade3ed70eae1a6"},
    {file = "pyscard-2.2.0-cp310-cp310-win_amd64.whl", hash = "sha256:001e760f42d2f9b7b6aba6b83fca67314e925d6df1ded75689c5ef5377f6e701"},
    {file = "pyscard-2.2.0-cp311-cp311-macosx_10_9_universal2.whl", hash = "sha256:51758a04e70d07b233a5d7ed58492007bbbebcb3f47130a638edbe021b82df86"},
    {file = "pyscard-2.2.0-cp311-cp311-macosx_14_0_x86_64.whl", hash = "sha256:a138707d8ef5c53da4e7a86d1e604e2cba42fe92249099a67374624503825326"},
    {file = "pyscard-2.2.0-cp311-cp311-win_amd64.whl", hash = "sha256:45ec2a19cbc40dc56c9831f9979c81617a3a89265b1430708e1c137a82ec5c83"},
    {file = "pyscard-2.2.0-cp312-cp312-macosx_10_13_universal2.whl", hash = "sha256:9a3d47a6799efbc8e6124638730a86b705ddecfba92874aec6b79348e764fe8a"},
    {file = "pyscard-2.2.0-cp312-cp312-macosx_14_0_x86_64.whl", hash = "sha256:fe8625b7cb1be2af0fe5d90d6daabb26a65aeb7d601455446c6a06341a2f0814"},
    {file = "pyscard-2.2.0-cp312-cp312-win32.whl", hash = "sha256:b0b476691652bb641b175d7d345bb27639615c6a5bf140e63a057750aefc1bd9"},
    {file = "pyscard-2.2.0-cp312-cp312-win_amd64.whl", hash = "sha256:9ce06b7007147f7346114274dd20edd0399e9aedbdadcc9cf4d0c867bec1cae1"},
    {file = "pyscard-2.2.0-cp313-cp313-macosx_14_0_x86_64.whl", hash = "sha256:5296c705d2f5b6947f6929a63d55521a380125c0160679b8069a11107c8b94ec"},
    {file = "pyscard-2.2.0-cp313-cp313-win32.whl", hash = "sha256:6cdb99c1d51f625fe246df57b65fad6d834a094fa5efd36d0c40356916c19431"},
    {file = "pyscard-2.2.0-cp313-cp313-win_amd64.whl", hash = "sha256:ff6f2b8ef00b48fa5f1448f0c7d812f677ce98a9994e917500ecf00e3f31dc89"},
    {file = "pyscard-2.2.0-cp39-cp39-macosx_10_9_universal2.whl", hash = "sha256:0f23309f4f98ae41c836090c3449d8fb7470c19d57adda2592803e1df668bece"},
    {file = "pyscard-2.2.0-cp39-cp39-win32.whl", hash = "sha256:5857d60b44bbb074c9b174111fe94af4179b882942e53292de16f0c798f50c5d"},
    {file = "pyscard-2.2.0-cp39-cp39-win_amd64.whl", hash = "sha256:e4e664b1d3b87956104b87094f81a98bdd6ac40986b52d0c40451de1fc98ca49"},
    {file = "pyscard-2.2.0.tar.gz", hash = "sha256:6aa194d4bb295e78a97056dd1d32273cc69ddbe3c852aad60a8578f04017a1bf"},
]

[package.extras]
gui = ["wxPython"]

[[package]]
name = "qrcode"
version = "8.0"
description = "QR Code image generator"
optional = false
python-versions = "<4.0,>=3.9"
files = [
    {file = "qrcode-8.0-py3-none-any.whl", hash = "sha256:9fc05f03305ad27a709eb742cf3097fa19e6f6f93bb9e2f039c0979190f6f1b1"},
    {file = "qrcode-8.0.tar.gz", hash = "sha256:025ce2b150f7fe4296d116ee9bad455a6643ab4f6e7dce541613a4758cbce347"},
]

[package.dependencies]
colorama = {version = "*", markers = "sys_platform == \"win32\""}

[package.extras]
all = ["pillow (>=9.1.0)", "pypng"]
pil = ["pillow (>=9.1.0)"]
png = ["pypng"]

[[package]]
name = "rpi-gpio"
version = "0.7.1"
description = "A module to control Raspberry Pi GPIO channels"
optional = false
python-versions = "*"
files = [
    {file = "RPi.GPIO-0.7.1-cp27-cp27mu-linux_armv6l.whl", hash = "sha256:b86b66dc02faa5461b443a1e1f0c1d209d64ab5229696f32fb3b0215e0600c8c"},
    {file = "RPi.GPIO-0.7.1-cp310-cp310-linux_armv6l.whl", hash = "sha256:57b6c044ef5375a78c8dda27cdfadf329e76aa6943cd6cffbbbd345a9adf9ca5"},
    {file = "RPi.GPIO-0.7.1-cp37-cp37m-linux_armv6l.whl", hash = "sha256:77afb817b81331ce3049a4b8f94a85e41b7c404d8e56b61ac0f1eb75c3120868"},
    {file = "RPi.GPIO-0.7.1-cp38-cp38-linux_armv6l.whl", hash = "sha256:29226823da8b5ccb9001d795a944f2e00924eeae583490f0bc7317581172c624"},
    {file = "RPi.GPIO-0.7.1-cp39-cp39-linux_armv6l.whl", hash = "sha256:15311d3b063b71dee738cd26570effc9985a952454d162937c34e08c0fc99902"},
    {file = "RPi.GPIO-0.7.1.tar.gz", hash = "sha256:cd61c4b03c37b62bba4a5acfea9862749c33c618e0295e7e90aa4713fb373b70"},
]

[[package]]
name = "smbus"
version = "1.1.post2"
description = "Python bindings for Linux SMBus access through i2c-dev"
optional = false
python-versions = "*"
files = [
    {file = "smbus-1.1.post2-cp27-cp27mu-linux_armv7l.whl", hash = "sha256:529f9effc383b6381534d1d845eaf1078bdd2d4e625c945b23cf274d5cf1c306"},
    {file = "smbus-1.1.post2-cp34-cp34m-linux_armv7l.whl", hash = "sha256:39923448455a41c6bbe823de62b191103dd711917056362d9e4b1d2c6ec0f06d"},
    {file = "smbus-1.1.post2-cp35-cp35m-linux_armv7l.whl", hash = "sha256:b467235734ae5c147c4ec0eff1afb9dba189d9d3cc086ed7e0d3dbf0ae485230"},
    {file = "smbus-1.1.post2.tar.gz", hash = "sha256:f96d345e0aa10053a8a4917634f1dc37ba1f656fa5cace7629b71777e90855c6"},
]

[metadata]
lock-version = "2.0"
python-versions = "^3.10"
content-hash = "9f7a5209c4dc5d30894bbf0175b8401900b31d9a0e28671b39905464a7ec579c"
